
Microsoft Visual Studio Solution File, Format Version 12.00
# Visual Studio Version 17
VisualStudioVersion = 17.1.32210.238
MinimumVisualStudioVersion = 10.0.40219.1
Project("{8BC9CEB8-8B4A-11D0-8D11-00A0C91BC942}") = "3_13", "3_13\3_13.vcxproj", "{266ED2FD-5514-4428-B031-C48D68CD214F}"
EndProject
Global
	GlobalSection(SolutionConfigurationPlatforms) = preSolution
		Debug|x64 = Debug|x64
		Debug|x86 = Debug|x86
		Release|x64 = Release|x64
		Release|x86 = Release|x86
	EndGlobalSection
	GlobalSection(ProjectConfigurationPlatforms) = postSolution
		{266ED2FD-5514-4428-B031-C48D68CD214F}.Debug|x64.ActiveCfg = Debug|x64
		{266ED2FD-5514-4428-B031-C48D68CD214F}.Debug|x64.Build.0 = Debug|x64
		{266ED2FD-5514-4428-B031-C48D68CD214F}.Debug|x86.ActiveCfg = Debug|Win32
		{266ED2FD-5514-4428-B031-C48D68CD214F}.Debug|x86.Build.0 = Debug|Win32
		{266ED2FD-5514-4428-B031-C48D68CD214F}.Release|x64.ActiveCfg = Release|x64
		{266ED2FD-5514-4428-B031-C48D68CD214F}.Release|x64.Build.0 = Release|x64
		{266ED2FD-5514-4428-B031-C48D68CD214F}.Release|x86.ActiveCfg = Release|Win32
		{266ED2FD-5514-4428-B031-C48D68CD214F}.Release|x86.Build.0 = Release|Win32
	EndGlobalSection
	GlobalSection(SolutionProperties) = preSolution
		HideSolutionNode = FALSE
	EndGlobalSection
	GlobalSection(ExtensibilityGlobals) = postSolution
		SolutionGuid = {F2D0818E-B9CD-4CFA-A4B8-359D964C77C0}
	EndGlobalSection
EndGlobal
